Microsoft Visual Studio Solution File, Format Version 12.00
# Visual Studio Version 17
VisualStudioVersion = 17.5.2.0
MinimumVisualStudioVersion = 10.0.40219.1
Project("{FAE04EC0-301F-11D3-BF4B-00C04F79EFBC}") = "SpendWiseAPI", "SpendWiseAPI\SpendWiseAPI.csproj", "{547D8086-C1E5-95B1-636B-BFB69D38AC50}"
EndProject
Global
	GlobalSection(SolutionConfigurationPlatforms) = preSolution
		Debug|Any CPU = Debug|Any CPU
		Release|Any CPU = Release|Any CPU
	EndGlobalSection
	GlobalSection(ProjectConfigurationPlatforms) = postSolution
		{547D8086-C1E5-95B1-636B-BFB69D38AC50}.Debug|Any CPU.ActiveCfg = Debug|Any CPU
		{547D8086-C1E5-95B1-636B-BFB69D38AC50}.Debug|Any CPU.Build.0 = Debug|Any CPU
		{547D8086-C1E5-95B1-636B-BFB69D38AC50}.Release|Any CPU.ActiveCfg = Release|Any CPU
		{547D8086-C1E5-95B1-636B-BFB69D38AC50}.Release|Any CPU.Build.0 = Release|Any CPU
	EndGlobalSection
	GlobalSection(SolutionProperties) = preSolution
		HideSolutionNode = FALSE
	EndGlobalSection
	GlobalSection(ExtensibilityGlobals) = postSolution
		SolutionGuid = {212D21E7-8F5B-44DE-B5B3-FB9435890060}
	EndGlobalSection
EndGlobal
